// !$*UTF8*$!
{
	archiveVersion = 1;
	classes = {
	};
	objectVersion = 48;
	objects = {

/* Begin PBXBuildFile section */
		925F98F72121D736000F00F3 /* libgpproto.dylib in Frameworks */ = {isa = PBXBuildFile; fileRef = 925F98F62121D736000F00F3 /* libgpproto.dylib */; settings = {ATTRIBUTES = (Weak, ); }; };
		9286F54F2121D6C500E6D351 /* include in Resources */ = {isa = PBXBuildFile; fileRef = 9286F54D2121D6C500E6D351 /* include */; };
		9286F5502121D6C500E6D351 /* lib in Resources */ = {isa = PBXBuildFile; fileRef = 9286F54E2121D6C500E6D351 /* lib */; };
		92C143E9211C6A8B0030CFEA /* AppDelegate.swift in Sources */ = {isa = PBXBuildFile; fileRef = 92C143E8211C6A8B0030CFEA /* AppDelegate.swift */; };
		92C143EB211C6A8B0030CFEA /* ViewController.swift in Sources */ = {isa = PBXBuildFile; fileRef = 92C143EA211C6A8B0030CFEA /* ViewController.swift */; };
		92C143F0211C6A8B0030CFEA /* Assets.xcassets in Resources */ = {isa = PBXBuildFile; fileRef = 92C143EF211C6A8B0030CFEA /* Assets.xcassets */; };
		92C143F3211C6A8B0030CFEA /* LaunchScreen.storyboard in Resources */ = {isa = PBXBuildFile; fileRef = 92C143F1211C6A8B0030CFEA /* LaunchScreen.storyboard */; };
		92C143FE211C6A8C0030CFEA /* GPProtoImplTests.swift in Sources */ = {isa = PBXBuildFile; fileRef = 92C143FD211C6A8C0030CFEA /* GPProtoImplTests.swift */; };
		92C14409211C6A8C0030CFEA /* GPProtoImplUITests.swift in Sources */ = {isa = PBXBuildFile; fileRef = 92C14408211C6A8C0030CFEA /* GPProtoImplUITests.swift */; };
		92C1441C211C6C760030CFEA /* ProtoImpl.mm in Sources */ = {isa = PBXBuildFile; fileRef = 92C1441B211C6C760030CFEA /* ProtoImpl.mm */; };
/* End PBXBuildFile section */

/* Begin PBXContainerItemProxy section */
		92C143FA211C6A8C0030CFEA /* PBXContainerItemProxy */ = {
			isa = PBXContainerItemProxy;
			containerPortal = 92C143DD211C6A8B0030CFEA /* Project object */;
			proxyType = 1;
			remoteGlobalIDString = 92C143E4211C6A8B0030CFEA;
			remoteInfo = GPProtoImpl;
		};
		92C14405211C6A8C0030CFEA /* PBXContainerItemProxy */ = {
			isa = PBXContainerItemProxy;
			containerPortal = 92C143DD211C6A8B0030CFEA /* Project object */;
			proxyType = 1;
			remoteGlobalIDString = 92C143E4211C6A8B0030CFEA;
			remoteInfo = GPProtoImpl;
		};
/* End PBXContainerItemProxy section */

/* Begin PBXCopyFilesBuildPhase section */
		92910D7F2121C65C00C76050 /* Embed Libraries */ = {
			isa = PBXCopyFilesBuildPhase;
			buildActionMask = 2147483647;
			dstPath = "";
			dstSubfolderSpec = 10;
			files = (
			);
			name = "Embed Libraries";
			runOnlyForDeploymentPostprocessing = 0;
		};
/* End PBXCopyFilesBuildPhase section */

/* Begin PBXFileReference section */
		925F98F62121D736000F00F3 /* libgpproto.dylib */ = {isa = PBXFileReference; lastKnownFileType = "compiled.mach-o.dylib"; name = libgpproto.dylib; path = ../../../install/lib/libgpproto.dylib; sourceTree = "<group>"; };
		925F98F82121D7DB000F00F3 /* libgpnet.a */ = {isa = PBXFileReference; lastKnownFileType = archive.ar; name = libgpnet.a; path = ../../../install/lib/libgpnet.a; sourceTree = "<group>"; };
		925F98F92121D7DB000F00F3 /* libgputils.a */ = {isa = PBXFileReference; lastKnownFileType = archive.ar; name = libgputils.a; path = ../../../install/lib/libgputils.a; sourceTree = "<group>"; };
		925F98FA2121D7DB000F00F3 /* libgpcore.a */ = {isa = PBXFileReference; lastKnownFileType = archive.ar; name = libgpcore.a; path = ../../../install/lib/libgpcore.a; sourceTree = "<group>"; };
		9286F54D2121D6C500E6D351 /* include */ = {isa = PBXFileReference; lastKnownFileType = folder; name = include; path = ../../../../install/include; sourceTree = "<group>"; };
		9286F54E2121D6C500E6D351 /* lib */ = {isa = PBXFileReference; lastKnownFileType = folder; name = lib; path = ../../../../install/lib; sourceTree = "<group>"; };
		92C143E5211C6A8B0030CFEA /* GPProtoImpl.app */ = {isa = PBXFileReference; explicitFileType = wrapper.application; includeInIndex = 0; path = GPProtoImpl.app; sourceTree = BUILT_PRODUCTS_DIR; };
		92C143E8211C6A8B0030CFEA /* AppDelegate.swift */ = {isa = PBXFileReference; lastKnownFileType = sourcecode.swift; path = AppDelegate.swift; sourceTree = "<group>"; };
		92C143EA211C6A8B0030CFEA /* ViewController.swift */ = {isa = PBXFileReference; lastKnownFileType = sourcecode.swift; path = ViewController.swift; sourceTree = "<group>"; };
		92C143EF211C6A8B0030CFEA /* Assets.xcassets */ = {isa = PBXFileReference; lastKnownFileType = folder.assetcatalog; path = Assets.xcassets; sourceTree = "<group>"; };
		92C143F2211C6A8B0030CFEA /* Base */ = {isa = PBXFileReference; lastKnownFileType = file.storyboard; name = Base; path = Base.lproj/LaunchScreen.storyboard; sourceTree = "<group>"; };
		92C143F4211C6A8B0030CFEA /* Info.plist */ = {isa = PBXFileReference; lastKnownFileType = text.plist.xml; path = Info.plist; sourceTree = "<group>"; };
		92C143F9211C6A8C0030CFEA /* GPProtoImplTests.xctest */ = {isa = PBXFileReference; explicitFileType = wrapper.cfbundle; includeInIndex = 0; path = GPProtoImplTests.xctest; sourceTree = BUILT_PRODUCTS_DIR; };
		92C143FD211C6A8C0030CFEA /* GPProtoImplTests.swift */ = {isa = PBXFileReference; lastKnownFileType = sourcecode.swift; path = GPProtoImplTests.swift; sourceTree = "<group>"; };
		92C143FF211C6A8C0030CFEA /* Info.plist */ = {isa = PBXFileReference; lastKnownFileType = text.plist.xml; path = Info.plist; sourceTree = "<group>"; };
		92C14404211C6A8C0030CFEA /* GPProtoImplUITests.xctest */ = {isa = PBXFileReference; explicitFileType = wrapper.cfbundle; includeInIndex = 0; path = GPProtoImplUITests.xctest; sourceTree = BUILT_PRODUCTS_DIR; };
		92C14408211C6A8C0030CFEA /* GPProtoImplUITests.swift */ = {isa = PBXFileReference; lastKnownFileType = sourcecode.swift; path = GPProtoImplUITests.swift; sourceTree = "<group>"; };
		92C1440A211C6A8C0030CFEA /* Info.plist */ = {isa = PBXFileReference; lastKnownFileType = text.plist.xml; path = Info.plist; sourceTree = "<group>"; };
		92C1441A211C6C760030CFEA /* GPProtoImpl-Bridging-Header.h */ = {isa = PBXFileReference; lastKnownFileType = sourcecode.c.h; path = "GPProtoImpl-Bridging-Header.h"; sourceTree = "<group>"; };
		92C1441B211C6C760030CFEA /* ProtoImpl.mm */ = {isa = PBXFileReference; lastKnownFileType = sourcecode.cpp.objcpp; path = ProtoImpl.mm; sourceTree = "<group>"; };
		92C14428211C77A80030CFEA /* ProtoImpl.h */ = {isa = PBXFileReference; lastKnownFileType = sourcecode.c.h; path = ProtoImpl.h; sourceTree = "<group>"; };
/* End PBXFileReference section */

/* Begin PBXFrameworksBuildPhase section */
		92C143E2211C6A8B0030CFEA /* Frameworks */ = {
			isa = PBXFrameworksBuildPhase;
			buildActionMask = 2147483647;
			files = (
				925F98F72121D736000F00F3 /* libgpproto.dylib in Frameworks */,
			);
			runOnlyForDeploymentPostprocessing = 0;
		};
		92C143F6211C6A8C0030CFEA /* Frameworks */ = {
			isa = PBXFrameworksBuildPhase;
			buildActionMask = 2147483647;
			files = (
			);
			runOnlyForDeploymentPostprocessing = 0;
		};
		92C14401211C6A8C0030CFEA /* Frameworks */ = {
			isa = PBXFrameworksBuildPhase;
			buildActionMask = 2147483647;
			files = (
			);
			runOnlyForDeploymentPostprocessing = 0;
		};
/* End PBXFrameworksBuildPhase section */

/* Begin PBXGroup section */
		92C143DC211C6A8B0030CFEA = {
			isa = PBXGroup;
			children = (
				92C143E7211C6A8B0030CFEA /* GPProtoImpl */,
				92C143FC211C6A8C0030CFEA /* GPProtoImplTests */,
				92C14407211C6A8C0030CFEA /* GPProtoImplUITests */,
				92C143E6211C6A8B0030CFEA /* Products */,
				92C14417211C6BE30030CFEA /* Frameworks */,
			);
			sourceTree = "<group>";
		};
		92C143E6211C6A8B0030CFEA /* Products */ = {
			isa = PBXGroup;
			children = (
				92C143E5211C6A8B0030CFEA /* GPProtoImpl.app */,
				92C143F9211C6A8C0030CFEA /* GPProtoImplTests.xctest */,
				92C14404211C6A8C0030CFEA /* GPProtoImplUITests.xctest */,
			);
			name = Products;
			sourceTree = "<group>";
		};
		92C143E7211C6A8B0030CFEA /* GPProtoImpl */ = {
			isa = PBXGroup;
			children = (
				9286F54D2121D6C500E6D351 /* include */,
				9286F54E2121D6C500E6D351 /* lib */,
				92C143E8211C6A8B0030CFEA /* AppDelegate.swift */,
				92C1441B211C6C760030CFEA /* ProtoImpl.mm */,
				92C14428211C77A80030CFEA /* ProtoImpl.h */,
				92C143EA211C6A8B0030CFEA /* ViewController.swift */,
				92C143EF211C6A8B0030CFEA /* Assets.xcassets */,
				92C143F1211C6A8B0030CFEA /* LaunchScreen.storyboard */,
				92C143F4211C6A8B0030CFEA /* Info.plist */,
				92C1441A211C6C760030CFEA /* GPProtoImpl-Bridging-Header.h */,
			);
			path = GPProtoImpl;
			sourceTree = "<group>";
		};
		92C143FC211C6A8C0030CFEA /* GPProtoImplTests */ = {
			isa = PBXGroup;
			children = (
				92C143FD211C6A8C0030CFEA /* GPProtoImplTests.swift */,
				92C143FF211C6A8C0030CFEA /* Info.plist */,
			);
			path = GPProtoImplTests;
			sourceTree = "<group>";
		};
		92C14407211C6A8C0030CFEA /* GPProtoImplUITests */ = {
			isa = PBXGroup;
			children = (
				92C14408211C6A8C0030CFEA /* GPProtoImplUITests.swift */,
				92C1440A211C6A8C0030CFEA /* Info.plist */,
			);
			path = GPProtoImplUITests;
			sourceTree = "<group>";
		};
		92C14417211C6BE30030CFEA /* Frameworks */ = {
			isa = PBXGroup;
			children = (
				925F98FA2121D7DB000F00F3 /* libgpcore.a */,
				925F98F82121D7DB000F00F3 /* libgpnet.a */,
				925F98F92121D7DB000F00F3 /* libgputils.a */,
				925F98F62121D736000F00F3 /* libgpproto.dylib */,
			);
			name = Frameworks;
			sourceTree = "<group>";
		};
/* End PBXGroup section */

/* Begin PBXNativeTarget section */
		92C143E4211C6A8B0030CFEA /* GPProtoImpl */ = {
			isa = PBXNativeTarget;
			buildConfigurationList = 92C1440D211C6A8C0030CFEA /* Build configuration list for PBXNativeTarget "GPProtoImpl" */;
			buildPhases = (
				92C143E1211C6A8B0030CFEA /* Sources */,
				92C143E2211C6A8B0030CFEA /* Frameworks */,
				92C143E3211C6A8B0030CFEA /* Resources */,
				92910D7F2121C65C00C76050 /* Embed Libraries */,
			);
			buildRules = (
			);
			dependencies = (
			);
			name = GPProtoImpl;
			productName = GPProtoImpl;
			productReference = 92C143E5211C6A8B0030CFEA /* GPProtoImpl.app */;
			productType = "com.apple.product-type.application";
		};
		92C143F8211C6A8C0030CFEA /* GPProtoImplTests */ = {
			isa = PBXNativeTarget;
			buildConfigurationList = 92C14410211C6A8C0030CFEA /* Build configuration list for PBXNativeTarget "GPProtoImplTests" */;
			buildPhases = (
				92C143F5211C6A8C0030CFEA /* Sources */,
				92C143F6211C6A8C0030CFEA /* Frameworks */,
				92C143F7211C6A8C0030CFEA /* Resources */,
			);
			buildRules = (
			);
			dependencies = (
				92C143FB211C6A8C0030CFEA /* PBXTargetDependency */,
			);
			name = GPProtoImplTests;
			productName = GPProtoImplTests;
			productReference = 92C143F9211C6A8C0030CFEA /* GPProtoImplTests.xctest */;
			productType = "com.apple.product-type.bundle.unit-test";
		};
		92C14403211C6A8C0030CFEA /* GPProtoImplUITests */ = {
			isa = PBXNativeTarget;
			buildConfigurationList = 92C14413211C6A8C0030CFEA /* Build configuration list for PBXNativeTarget "GPProtoImplUITests" */;
			buildPhases = (
				92C14400211C6A8C0030CFEA /* Sources */,
				92C14401211C6A8C0030CFEA /* Frameworks */,
				92C14402211C6A8C0030CFEA /* Resources */,
			);
			buildRules = (
			);
			dependencies = (
				92C14406211C6A8C0030CFEA /* PBXTargetDependency */,
			);
			name = GPProtoImplUITests;
			productName = GPProtoImplUITests;
			productReference = 92C14404211C6A8C0030CFEA /* GPProtoImplUITests.xctest */;
			productType = "com.apple.product-type.bundle.ui-testing";
		};
/* End PBXNativeTarget section */

/* Begin PBXProject section */
		92C143DD211C6A8B0030CFEA /* Project object */ = {
			isa = PBXProject;
			attributes = {
				LastSwiftUpdateCheck = 0920;
				LastUpgradeCheck = 0920;
				ORGANIZATIONNAME = "Jaloliddin Erkiniy";
				TargetAttributes = {
					92C143E4211C6A8B0030CFEA = {
						CreatedOnToolsVersion = 9.2;
						LastSwiftMigration = 0920;
						ProvisioningStyle = Automatic;
					};
					92C143F8211C6A8C0030CFEA = {
						CreatedOnToolsVersion = 9.2;
						ProvisioningStyle = Automatic;
						TestTargetID = 92C143E4211C6A8B0030CFEA;
					};
					92C14403211C6A8C0030CFEA = {
						CreatedOnToolsVersion = 9.2;
						ProvisioningStyle = Automatic;
						TestTargetID = 92C143E4211C6A8B0030CFEA;
					};
				};
			};
			buildConfigurationList = 92C143E0211C6A8B0030CFEA /* Build configuration list for PBXProject "GPProtoImpl" */;
			compatibilityVersion = "Xcode 8.0";
			developmentRegion = en;
			hasScannedForEncodings = 0;
			knownRegions = (
				en,
				Base,
			);
			mainGroup = 92C143DC211C6A8B0030CFEA;
			productRefGroup = 92C143E6211C6A8B0030CFEA /* Products */;
			projectDirPath = "";
			projectRoot = "";
			targets = (
				92C143E4211C6A8B0030CFEA /* GPProtoImpl */,
				92C143F8211C6A8C0030CFEA /* GPProtoImplTests */,
				92C14403211C6A8C0030CFEA /* GPProtoImplUITests */,
			);
		};
/* End PBXProject section */

/* Begin PBXResourcesBuildPhase section */
		92C143E3211C6A8B0030CFEA /* Resources */ = {
			isa = PBXResourcesBuildPhase;
			buildActionMask = 2147483647;
			files = (
				9286F54F2121D6C500E6D351 /* include in Resources */,
				92C143F3211C6A8B0030CFEA /* LaunchScreen.storyboard in Resources */,
				9286F5502121D6C500E6D351 /* lib in Resources */,
				92C143F0211C6A8B0030CFEA /* Assets.xcassets in Resources */,
			);
			runOnlyForDeploymentPostprocessing = 0;
		};
		92C143F7211C6A8C0030CFEA /* Resources */ = {
			isa = PBXResourcesBuildPhase;
			buildActionMask = 2147483647;
			files = (
			);
			runOnlyForDeploymentPostprocessing = 0;
		};
		92C14402211C6A8C0030CFEA /* Resources */ = {
			isa = PBXResourcesBuildPhase;
			buildActionMask = 2147483647;
			files = (
			);
			runOnlyForDeploymentPostprocessing = 0;
		};
/* End PBXResourcesBuildPhase section */

/* Begin PBXSourcesBuildPhase section */
		92C143E1211C6A8B0030CFEA /* Sources */ = {
			isa = PBXSourcesBuildPhase;
			buildActionMask = 2147483647;
			files = (
				92C143EB211C6A8B0030CFEA /* ViewController.swift in Sources */,
				92C143E9211C6A8B0030CFEA /* AppDelegate.swift in Sources */,
				92C1441C211C6C760030CFEA /* ProtoImpl.mm in Sources */,
			);
			runOnlyForDeploymentPostprocessing = 0;
		};
		92C143F5211C6A8C0030CFEA /* Sources */ = {
			isa = PBXSourcesBuildPhase;
			buildActionMask = 2147483647;
			files = (
				92C143FE211C6A8C0030CFEA /* GPProtoImplTests.swift in Sources */,
			);
			runOnlyForDeploymentPostprocessing = 0;
		};
		92C14400211C6A8C0030CFEA /* Sources */ = {
			isa = PBXSourcesBuildPhase;
			buildActionMask = 2147483647;
			files = (
				92C14409211C6A8C0030CFEA /* GPProtoImplUITests.swift in Sources */,
			);
			runOnlyForDeploymentPostprocessing = 0;
		};
/* End PBXSourcesBuildPhase section */

/* Begin PBXTargetDependency section */
		92C143FB211C6A8C0030CFEA /* PBXTargetDependency */ = {
			isa = PBXTargetDependency;
			target = 92C143E4211C6A8B0030CFEA /* GPProtoImpl */;
			targetProxy = 92C143FA211C6A8C0030CFEA /* PBXContainerItemProxy */;
		};
		92C14406211C6A8C0030CFEA /* PBXTargetDependency */ = {
			isa = PBXTargetDependency;
			target = 92C143E4211C6A8B0030CFEA /* GPProtoImpl */;
			targetProxy = 92C14405211C6A8C0030CFEA /* PBXContainerItemProxy */;
		};
/* End PBXTargetDependency section */

/* Begin PBXVariantGroup section */
		92C143F1211C6A8B0030CFEA /* LaunchScreen.storyboard */ = {
			isa = PBXVariantGroup;
			children = (
				92C143F2211C6A8B0030CFEA /* Base */,
			);
			name = LaunchScreen.storyboard;
			sourceTree = "<group>";
		};
/* End PBXVariantGroup section */

/* Begin XCBuildConfiguration section */
		92C1440B211C6A8C0030CFEA /* Debug */ = {
			isa = XCBuildConfiguration;
			buildSettings = {
				ALWAYS_SEARCH_USER_PATHS = NO;
				CLANG_ANALYZER_NONNULL = YES;
				CLANG_ANALYZER_NUMBER_OBJECT_CONVERSION = YES_AGGRESSIVE;
				CLANG_CXX_LANGUAGE_STANDARD = "gnu++14";
				CLANG_CXX_LIBRARY = "libc++";
				CLANG_ENABLE_MODULES = YES;
				CLANG_ENABLE_OBJC_ARC = YES;
				CLANG_WARN_BLOCK_CAPTURE_AUTORELEASING = YES;
				CLANG_WARN_BOOL_CONVERSION = YES;
				CLANG_WARN_COMMA = YES;
				CLANG_WARN_CONSTANT_CONVERSION = YES;
				CLANG_WARN_DIRECT_OBJC_ISA_USAGE = YES_ERROR;
				CLANG_WARN_DOCUMENTATION_COMMENTS = YES;
				CLANG_WARN_EMPTY_BODY = YES;
				CLANG_WARN_ENUM_CONVERSION = YES;
				CLANG_WARN_INFINITE_RECURSION = YES;
				CLANG_WARN_INT_CONVERSION = YES;
				CLANG_WARN_NON_LITERAL_NULL_CONVERSION = YES;
				CLANG_WARN_OBJC_LITERAL_CONVERSION = YES;
				CLANG_WARN_OBJC_ROOT_CLASS = YES_ERROR;
				CLANG_WARN_RANGE_LOOP_ANALYSIS = YES;
				CLANG_WARN_STRICT_PROTOTYPES = YES;
				CLANG_WARN_SUSPICIOUS_MOVE = YES;
				CLANG_WARN_UNGUARDED_AVAILABILITY = YES_AGGRESSIVE;
				CLANG_WARN_UNREACHABLE_CODE = YES;
				CLANG_WARN__DUPLICATE_METHOD_MATCH = YES;
				CODE_SIGN_IDENTITY = "iPhone Developer";
				COPY_PHASE_STRIP = NO;
				DEBUG_INFORMATION_FORMAT = dwarf;
				ENABLE_STRICT_OBJC_MSGSEND = YES;
				ENABLE_TESTABILITY = YES;
				GCC_C_LANGUAGE_STANDARD = gnu11;
				GCC_DYNAMIC_NO_PIC = NO;
				GCC_NO_COMMON_BLOCKS = YES;
				GCC_OPTIMIZATION_LEVEL = 0;
				GCC_PREPROCESSOR_DEFINITIONS = (
					"DEBUG=1",
					"$(inherited)",
				);
				GCC_WARN_64_TO_32_BIT_CONVERSION = YES;
				GCC_WARN_ABOUT_RETURN_TYPE = YES_ERROR;
				GCC_WARN_UNDECLARED_SELECTOR = YES;
				GCC_WARN_UNINITIALIZED_AUTOS = YES_AGGRESSIVE;
				GCC_WARN_UNUSED_FUNCTION = YES;
				GCC_WARN_UNUSED_VARIABLE = YES;
				IPHONEOS_DEPLOYMENT_TARGET = 11.2;
				MTL_ENABLE_DEBUG_INFO = YES;
				ONLY_ACTIVE_ARCH = YES;
				SDKROOT = iphoneos;
				SWIFT_ACTIVE_COMPILATION_CONDITIONS = DEBUG;
				SWIFT_OPTIMIZATION_LEVEL = "-Onone";
			};
			name = Debug;
		};
		92C1440C211C6A8C0030CFEA /* Release */ = {
			isa = XCBuildConfiguration;
			buildSettings = {
				ALWAYS_SEARCH_USER_PATHS = NO;
				CLANG_ANALYZER_NONNULL = YES;
				CLANG_ANALYZER_NUMBER_OBJECT_CONVERSION = YES_AGGRESSIVE;
				CLANG_CXX_LANGUAGE_STANDARD = "gnu++14";
				CLANG_CXX_LIBRARY = "libc++";
				CLANG_ENABLE_MODULES = YES;
				CLANG_ENABLE_OBJC_ARC = YES;
				CLANG_WARN_BLOCK_CAPTURE_AUTORELEASING = YES;
				CLANG_WARN_BOOL_CONVERSION = YES;
				CLANG_WARN_COMMA = YES;
				CLANG_WARN_CONSTANT_CONVERSION = YES;
				CLANG_WARN_DIRECT_OBJC_ISA_USAGE = YES_ERROR;
				CLANG_WARN_DOCUMENTATION_COMMENTS = YES;
				CLANG_WARN_EMPTY_BODY = YES;
				CLANG_WARN_ENUM_CONVERSION = YES;
				CLANG_WARN_INFINITE_RECURSION = YES;
				CLANG_WARN_INT_CONVERSION = YES;
				CLANG_WARN_NON_LITERAL_NULL_CONVERSION = YES;
				CLANG_WARN_OBJC_LITERAL_CONVERSION = YES;
				CLANG_WARN_OBJC_ROOT_CLASS = YES_ERROR;
				CLANG_WARN_RANGE_LOOP_ANALYSIS = YES;
				CLANG_WARN_STRICT_PROTOTYPES = YES;
				CLANG_WARN_SUSPICIOUS_MOVE = YES;
				CLANG_WARN_UNGUARDED_AVAILABILITY = YES_AGGRESSIVE;
				CLANG_WARN_UNREACHABLE_CODE = YES;
				CLANG_WARN__DUPLICATE_METHOD_MATCH = YES;
				CODE_SIGN_IDENTITY = "iPhone Developer";
				COPY_PHASE_STRIP = NO;
				DEBUG_INFORMATION_FORMAT = "dwarf-with-dsym";
				ENABLE_NS_ASSERTIONS = NO;
				ENABLE_STRICT_OBJC_MSGSEND = YES;
				GCC_C_LANGUAGE_STANDARD = gnu11;
				GCC_NO_COMMON_BLOCKS = YES;
				GCC_WARN_64_TO_32_BIT_CONVERSION = YES;
				GCC_WARN_ABOUT_RETURN_TYPE = YES_ERROR;
				GCC_WARN_UNDECLARED_SELECTOR = YES;
				GCC_WARN_UNINITIALIZED_AUTOS = YES_AGGRESSIVE;
				GCC_WARN_UNUSED_FUNCTION = YES;
				GCC_WARN_UNUSED_VARIABLE = YES;
				IPHONEOS_DEPLOYMENT_TARGET = 11.2;
				MTL_ENABLE_DEBUG_INFO = NO;
				SDKROOT = iphoneos;
				SWIFT_OPTIMIZATION_LEVEL = "-Owholemodule";
				VALIDATE_PRODUCT = YES;
			};
			name = Release;
		};
		92C1440E211C6A8C0030CFEA /* Debug */ = {
			isa = XCBuildConfiguration;
			buildSettings = {
				ASSETCATALOG_COMPILER_APPICON_NAME = AppIcon;
				CLANG_CXX_LANGUAGE_STANDARD = "c++17";
				CLANG_ENABLE_MODULES = YES;
				CODE_SIGN_STYLE = Automatic;
				DEVELOPMENT_TEAM = PANBV37WA5;
				FRAMEWORK_SEARCH_PATHS = "";
				HEADER_SEARCH_PATHS = "\"$(SRCROOT)/../../../install/include\"";
				INFOPLIST_FILE = GPProtoImpl/Info.plist;
				IPHONEOS_DEPLOYMENT_TARGET = 8.0;
				LD_RUNPATH_SEARCH_PATHS = "$(inherited) @executable_path/Frameworks";
				LIBRARY_SEARCH_PATHS = (
					"$(inherited)",
					"$(PROJECT_DIR)",
					"\"$(SRCROOT)/../../../install/lib\"",
				);
				PRODUCT_BUNDLE_IDENTIFIER = uz.gpproto.GPProtoImpl;
				PRODUCT_NAME = "$(TARGET_NAME)";
				SWIFT_OBJC_BRIDGING_HEADER = "GPProtoImpl/GPProtoImpl-Bridging-Header.h";
				SWIFT_OPTIMIZATION_LEVEL = "-Onone";
				SWIFT_VERSION = 4.0;
				TARGETED_DEVICE_FAMILY = "1,2";
			};
			name = Debug;
		};
		92C1440F211C6A8C0030CFEA /* Release */ = {
			isa = XCBuildConfiguration;
			buildSettings = {
				ASSETCATALOG_COMPILER_APPICON_NAME = AppIcon;
				CLANG_CXX_LANGUAGE_STANDARD = "c++17";
				CLANG_ENABLE_MODULES = YES;
				CODE_SIGN_STYLE = Automatic;
				DEVELOPMENT_TEAM = PANBV37WA5;
				FRAMEWORK_SEARCH_PATHS = "";
				HEADER_SEARCH_PATHS = "\"$(SRCROOT)/../../../install/include\"";
				INFOPLIST_FILE = GPProtoImpl/Info.plist;
				IPHONEOS_DEPLOYMENT_TARGET = 8.0;
				LD_RUNPATH_SEARCH_PATHS = "$(inherited) @executable_path/Frameworks";
				LIBRARY_SEARCH_PATHS = (
					"$(inherited)",
					"$(PROJECT_DIR)",
					"\"$(SRCROOT)/../../../install/lib\"",
				);
				PRODUCT_BUNDLE_IDENTIFIER = uz.gpproto.GPProtoImpl;
				PRODUCT_NAME = "$(TARGET_NAME)";
				SWIFT_OBJC_BRIDGING_HEADER = "GPProtoImpl/GPProtoImpl-Bridging-Header.h";
				SWIFT_VERSION = 4.0;
				TARGETED_DEVICE_FAMILY = "1,2";
			};
			name = Release;
		};
		92C14411211C6A8C0030CFEA /* Debug */ = {
			isa = XCBuildConfiguration;
			buildSettings = {
				ALWAYS_EMBED_SWIFT_STANDARD_LIBRARIES = YES;
				BUNDLE_LOADER = "$(TEST_HOST)";
				CODE_SIGN_STYLE = Automatic;
				INFOPLIST_FILE = GPProtoImplTests/Info.plist;
				LD_RUNPATH_SEARCH_PATHS = "$(inherited) @executable_path/Frameworks @loader_path/Frameworks";
				PRODUCT_BUNDLE_IDENTIFIER = uz.gpproto.GPProtoImplTests;
				PRODUCT_NAME = "$(TARGET_NAME)";
				SWIFT_VERSION = 4.0;
				TARGETED_DEVICE_FAMILY = "1,2";
				TEST_HOST = "$(BUILT_PRODUCTS_DIR)/GPProtoImpl.app/GPProtoImpl";
			};
			name = Debug;
		};
		92C14412211C6A8C0030CFEA /* Release */ = {
			isa = XCBuildConfiguration;
			buildSettings = {
				ALWAYS_EMBED_SWIFT_STANDARD_LIBRARIES = YES;
				BUNDLE_LOADER = "$(TEST_HOST)";
				CODE_SIGN_STYLE = Automatic;
				INFOPLIST_FILE = GPProtoImplTests/Info.plist;
				LD_RUNPATH_SEARCH_PATHS = "$(inherited) @executable_path/Frameworks @loader_path/Frameworks";
				PRODUCT_BUNDLE_IDENTIFIER = uz.gpproto.GPProtoImplTests;
				PRODUCT_NAME = "$(TARGET_NAME)";
				SWIFT_VERSION = 4.0;
				TARGETED_DEVICE_FAMILY = "1,2";
				TEST_HOST = "$(BUILT_PRODUCTS_DIR)/GPProtoImpl.app/GPProtoImpl";
			};
			name = Release;
		};
		92C14414211C6A8C0030CFEA /* Debug */ = {
			isa = XCBuildConfiguration;
			buildSettings = {
				ALWAYS_EMBED_SWIFT_STANDARD_LIBRARIES = YES;
				CODE_SIGN_STYLE = Automatic;
				INFOPLIST_FILE = GPProtoImplUITests/Info.plist;
				LD_RUNPATH_SEARCH_PATHS = "$(inherited) @executable_path/Frameworks @loader_path/Frameworks";
				PRODUCT_BUNDLE_IDENTIFIER = uz.gpproto.GPProtoImplUITests;
				PRODUCT_NAME = "$(TARGET_NAME)";
				SWIFT_VERSION = 4.0;
				TARGETED_DEVICE_FAMILY = "1,2";
				TEST_TARGET_NAME = GPProtoImpl;
			};
			name = Debug;
		};
		92C14415211C6A8C0030CFEA /* Release */ = {
			isa = XCBuildConfiguration;
			buildSettings = {
				ALWAYS_EMBED_SWIFT_STANDARD_LIBRARIES = YES;
				CODE_SIGN_STYLE = Automatic;
				INFOPLIST_FILE = GPProtoImplUITests/Info.plist;
				LD_RUNPATH_SEARCH_PATHS = "$(inherited) @executable_path/Frameworks @loader_path/Frameworks";
				PRODUCT_BUNDLE_IDENTIFIER = uz.gpproto.GPProtoImplUITests;
				PRODUCT_NAME = "$(TARGET_NAME)";
				SWIFT_VERSION = 4.0;
				TARGETED_DEVICE_FAMILY = "1,2";
				TEST_TARGET_NAME = GPProtoImpl;
			};
			name = Release;
		};
/* End XCBuildConfiguration section */

/* Begin XCConfigurationList section */
		92C143E0211C6A8B0030CFEA /* Build configuration list for PBXProject "GPProtoImpl" */ = {
			isa = XCConfigurationList;
			buildConfigurations = (
				92C1440B211C6A8C0030CFEA /* Debug */,
				92C1440C211C6A8C0030CFEA /* Release */,
			);
			defaultConfigurationIsVisible = 0;
			defaultConfigurationName = Release;
		};
		92C1440D211C6A8C0030CFEA /* Build configuration list for PBXNativeTarget "GPProtoImpl" */ = {
			isa = XCConfigurationList;
			buildConfigurations = (
				92C1440E211C6A8C0030CFEA /* Debug */,
				92C1440F211C6A8C0030CFEA /* Release */,
			);
			defaultConfigurationIsVisible = 0;
			defaultConfigurationName = Release;
		};
		92C14410211C6A8C0030CFEA /* Build configuration list for PBXNativeTarget "GPProtoImplTests" */ = {
			isa = XCConfigurationList;
			buildConfigurations = (
				92C14411211C6A8C0030CFEA /* Debug */,
				92C14412211C6A8C0030CFEA /* Release */,
			);
			defaultConfigurationIsVisible = 0;
			defaultConfigurationName = Release;
		};
		92C14413211C6A8C0030CFEA /* Build configuration list for PBXNativeTarget "GPProtoImplUITests" */ = {
			isa = XCConfigurationList;
			buildConfigurations = (
				92C14414211C6A8C0030CFEA /* Debug */,
				92C14415211C6A8C0030CFEA /* Release */,
			);
			defaultConfigurationIsVisible = 0;
			defaultConfigurationName = Release;
		};
/* End XCConfigurationList section */
	};
	rootObject = 92C143DD211C6A8B0030CFEA /* Project object */;
}
